PODS:
  - AsyncSwift (1.7.2)
  - Eureka (1.3.1)
  - Realm (0.98.2):
    - Realm/Headers (= 0.98.2)
  - Realm/Headers (0.98.2)
  - RealmSwift (0.98.2):
    - Realm (= 0.98.2)
  - STRegex (0.3.1)
  - SwiftDate (2.0.2)
  - SwiftFilePath (0.0.6)

DEPENDENCIES:
  - AsyncSwift
  - Eureka (~> 1.3)
  - RealmSwift
  - STRegex
  - SwiftDate (~> 2.0)
  - SwiftFilePath

SPEC CHECKSUMS:
  AsyncSwift: 46a78bceb11f0e5bb52747f740d9692ec78d2d7c
  Eureka: 10df73e578ed8ec1f30c8fda5b4ffc8739786b74
  Realm: 88a147fe04b8f07191a676b15c779b2b448991de
  RealmSwift: 9907c7415b3e19ef2ab9f89878fc890f03f93aea
  STRegex: 4c27ffabad2c8b603f050d28e6c794eb72a13608
  SwiftDate: b4f4d0962afe48365ad2800c9850a6626deb9359
  SwiftFilePath: 52c1db61018e0a3941191eb71002cb5cbdaa39e7

COCOAPODS: 0.39.0
