PODS:
  - AsyncSwift (1.6.4)
  - Eureka (1.3.1)
  - Realm (0.97.0):
    - Realm/Headers (= 0.97.0)
  - Realm/Headers (0.97.0)
  - RealmSwift (0.97.0):
    - Realm (= 0.97.0)
  - STRegex (0.2.6)
  - SwiftDate (2.0.2)
  - SwiftFilePath (0.0.6)

DEPENDENCIES:
  - AsyncSwift
  - Eureka (~> 1.3)
  - RealmSwift
  - STRegex
  - SwiftDate (~> 2.0)
  - SwiftFilePath

SPEC CHECKSUMS:
  AsyncSwift: 3c90beed237324f1b57e1f1c414dc5501985d208
  Eureka: 10df73e578ed8ec1f30c8fda5b4ffc8739786b74
  Realm: b498a6fb9d288b171ff98d0e2d4384c295be8990
  RealmSwift: d014810dec75c9a3f1a33926d2dabfed855c582c
  STRegex: 42baaef0406dd90bfa32e19c202a0c89075809b4
  SwiftDate: b4f4d0962afe48365ad2800c9850a6626deb9359
  SwiftFilePath: 52c1db61018e0a3941191eb71002cb5cbdaa39e7

COCOAPODS: 0.39.0
