// !$*UTF8*$!
{
	archiveVersion = 1;
	classes = {
	};
	objectVersion = 46;
	objects = {

/* Begin PBXBuildFile section */
		4B90611B5608D095097FA153 /* Pods_TalkBox.framework in Frameworks */ = {isa = PBXBuildFile; fileRef = 0EE214EA711175A4AFB5B839 /* Pods_TalkBox.framework */; };
		5A1383751C4332330005223F /* TalkParser.swift in Sources */ = {isa = PBXBuildFile; fileRef = 5A1383741C4332330005223F /* TalkParser.swift */; };
		5A1383781C4333000005223F /* Talk.swift in Sources */ = {isa = PBXBuildFile; fileRef = 5A1383771C4333000005223F /* Talk.swift */; };
		5A13837A1C43330E0005223F /* Message.swift in Sources */ = {isa = PBXBuildFile; fileRef = 5A1383791C43330E0005223F /* Message.swift */; };
		5A5336CF1C2242010008BBF4 /* AppDelegate.swift in Sources */ = {isa = PBXBuildFile; fileRef = 5A5336CE1C2242010008BBF4 /* AppDelegate.swift */; };
		5A5336D11C2242010008BBF4 /* ViewController.swift in Sources */ = {isa = PBXBuildFile; fileRef = 5A5336D01C2242010008BBF4 /* ViewController.swift */; };
		5A5336D41C2242010008BBF4 /* Main.storyboard in Resources */ = {isa = PBXBuildFile; fileRef = 5A5336D21C2242010008BBF4 /* Main.storyboard */; };
		5A5336D61C2242010008BBF4 /* Assets.xcassets in Resources */ = {isa = PBXBuildFile; fileRef = 5A5336D51C2242010008BBF4 /* Assets.xcassets */; };
		5A5336D91C2242010008BBF4 /* LaunchScreen.storyboard in Resources */ = {isa = PBXBuildFile; fileRef = 5A5336D71C2242010008BBF4 /* LaunchScreen.storyboard */; };
		5A5336EC1C2257910008BBF4 /* String+.swift in Sources */ = {isa = PBXBuildFile; fileRef = 5A5336EB1C2257910008BBF4 /* String+.swift */; };
/* End PBXBuildFile section */

/* Begin PBXFileReference section */
		0EE214EA711175A4AFB5B839 /* Pods_TalkBox.framework */ = {isa = PBXFileReference; explicitFileType = wrapper.framework; includeInIndex = 0; path = Pods_TalkBox.framework; sourceTree = BUILT_PRODUCTS_DIR; };
		41BC03E9E5596E5F87B019FA /* Pods-TalkBox.debug.xcconfig */ = {isa = PBXFileReference; includeInIndex = 1; lastKnownFileType = text.xcconfig; name = "Pods-TalkBox.debug.xcconfig"; path = "Pods/Target Support Files/Pods-TalkBox/Pods-TalkBox.debug.xcconfig"; sourceTree = "<group>"; };
		5A1383741C4332330005223F /* TalkParser.swift */ = {isa = PBXFileReference; fileEncoding = 4; lastKnownFileType = sourcecode.swift; path = TalkParser.swift; sourceTree = "<group>"; };
		5A1383771C4333000005223F /* Talk.swift */ = {isa = PBXFileReference; fileEncoding = 4; lastKnownFileType = sourcecode.swift; path = Talk.swift; sourceTree = "<group>"; };
		5A1383791C43330E0005223F /* Message.swift */ = {isa = PBXFileReference; fileEncoding = 4; lastKnownFileType = sourcecode.swift; path = Message.swift; sourceTree = "<group>"; };
		5A5336CB1C2242010008BBF4 /* TalkBox.app */ = {isa = PBXFileReference; explicitFileType = wrapper.application; includeInIndex = 0; path = TalkBox.app; sourceTree = BUILT_PRODUCTS_DIR; };
		5A5336CE1C2242010008BBF4 /* AppDelegate.swift */ = {isa = PBXFileReference; lastKnownFileType = sourcecode.swift; path = AppDelegate.swift; sourceTree = "<group>"; };
		5A5336D01C2242010008BBF4 /* ViewController.swift */ = {isa = PBXFileReference; lastKnownFileType = sourcecode.swift; path = ViewController.swift; sourceTree = "<group>"; };
		5A5336D31C2242010008BBF4 /* Base */ = {isa = PBXFileReference; lastKnownFileType = file.storyboard; name = Base; path = Base.lproj/Main.storyboard; sourceTree = "<group>"; };
		5A5336D51C2242010008BBF4 /* Assets.xcassets */ = {isa = PBXFileReference; lastKnownFileType = folder.assetcatalog; path = Assets.xcassets; sourceTree = "<group>"; };
		5A5336D81C2242010008BBF4 /* Base */ = {isa = PBXFileReference; lastKnownFileType = file.storyboard; name = Base; path = Base.lproj/LaunchScreen.storyboard; sourceTree = "<group>"; };
		5A5336DA1C2242010008BBF4 /* Info.plist */ = {isa = PBXFileReference; lastKnownFileType = text.plist.xml; path = Info.plist; sourceTree = "<group>"; };
		5A5336EB1C2257910008BBF4 /* String+.swift */ = {isa = PBXFileReference; fileEncoding = 4; lastKnownFileType = sourcecode.swift; path = "String+.swift"; sourceTree = "<group>"; };
		B0AE4E99B18D889C568A00D9 /* Pods-TalkBox.release.xcconfig */ = {isa = PBXFileReference; includeInIndex = 1; lastKnownFileType = text.xcconfig; name = "Pods-TalkBox.release.xcconfig"; path = "Pods/Target Support Files/Pods-TalkBox/Pods-TalkBox.release.xcconfig"; sourceTree = "<group>"; };
/* End PBXFileReference section */

/* Begin PBXFrameworksBuildPhase section */
		5A5336C81C2242010008BBF4 /* Frameworks */ = {
			isa = PBXFrameworksBuildPhase;
			buildActionMask = 2147483647;
			files = (
				4B90611B5608D095097FA153 /* Pods_TalkBox.framework in Frameworks */,
			);
			runOnlyForDeploymentPostprocessing = 0;
		};
/* End PBXFrameworksBuildPhase section */

/* Begin PBXGroup section */
		03F6E0C8A52F6863761708FD /* Frameworks */ = {
			isa = PBXGroup;
			children = (
				0EE214EA711175A4AFB5B839 /* Pods_TalkBox.framework */,
			);
			name = Frameworks;
			sourceTree = "<group>";
		};
		5A1383731C4330F50005223F /* Utilities */ = {
			isa = PBXGroup;
			children = (
				5A1383741C4332330005223F /* TalkParser.swift */,
			);
			name = Utilities;
			sourceTree = "<group>";
		};
		5A1383761C4332F20005223F /* Models */ = {
			isa = PBXGroup;
			children = (
				5A1383771C4333000005223F /* Talk.swift */,
				5A1383791C43330E0005223F /* Message.swift */,
			);
			name = Models;
			sourceTree = "<group>";
		};
		5A3364B81C4CD4FF00A0B24F /* Controllers */ = {
			isa = PBXGroup;
			children = (
			);
			name = Controllers;
			sourceTree = "<group>";
		};
		5A3364B91C4CD51C00A0B24F /* Views */ = {
			isa = PBXGroup;
			children = (
			);
			name = Views;
			sourceTree = "<group>";
		};
		5A5336C21C2242010008BBF4 = {
			isa = PBXGroup;
			children = (
				5A5336CD1C2242010008BBF4 /* TalkBox */,
				5A5336CC1C2242010008BBF4 /* Products */,
				9055640C737FB080E5B3659E /* Pods */,
				03F6E0C8A52F6863761708FD /* Frameworks */,
			);
			sourceTree = "<group>";
		};
		5A5336CC1C2242010008BBF4 /* Products */ = {
			isa = PBXGroup;
			children = (
				5A5336CB1C2242010008BBF4 /* TalkBox.app */,
			);
			name = Products;
			sourceTree = "<group>";
		};
		5A5336CD1C2242010008BBF4 /* TalkBox */ = {
			isa = PBXGroup;
			children = (
				5A5336EA1C22577D0008BBF4 /* Extensions */,
				5A1383731C4330F50005223F /* Utilities */,
				5A1383761C4332F20005223F /* Models */,
				5A3364B81C4CD4FF00A0B24F /* Controllers */,
				5A3364B91C4CD51C00A0B24F /* Views */,
				5A5336CE1C2242010008BBF4 /* AppDelegate.swift */,
				5A5336D01C2242010008BBF4 /* ViewController.swift */,
				5A5336D21C2242010008BBF4 /* Main.storyboard */,
				5A5336D51C2242010008BBF4 /* Assets.xcassets */,
				5A5336D71C2242010008BBF4 /* LaunchScreen.storyboard */,
				5A5336DA1C2242010008BBF4 /* Info.plist */,
			);
			path = TalkBox;
			sourceTree = "<group>";
		};
		5A5336EA1C22577D0008BBF4 /* Extensions */ = {
			isa = PBXGroup;
			children = (
				5A5336EB1C2257910008BBF4 /* String+.swift */,
			);
			name = Extensions;
			sourceTree = "<group>";
		};
		9055640C737FB080E5B3659E /* Pods */ = {
			isa = PBXGroup;
			children = (
				41BC03E9E5596E5F87B019FA /* Pods-TalkBox.debug.xcconfig */,
				B0AE4E99B18D889C568A00D9 /* Pods-TalkBox.release.xcconfig */,
			);
			name = Pods;
			sourceTree = "<group>";
		};
/* End PBXGroup section */

/* Begin PBXNativeTarget section */
		5A5336CA1C2242010008BBF4 /* TalkBox */ = {
			isa = PBXNativeTarget;
			buildConfigurationList = 5A5336DD1C2242010008BBF4 /* Build configuration list for PBXNativeTarget "TalkBox" */;
			buildPhases = (
				E18D17B03E22B3F5EDBD4B4F /* Check Pods Manifest.lock */,
				5A5336C71C2242010008BBF4 /* Sources */,
				5A5336C81C2242010008BBF4 /* Frameworks */,
				5A5336C91C2242010008BBF4 /* Resources */,
				516D55580D559EF66EE28C48 /* Embed Pods Frameworks */,
				53616D109D8A426AEE3A14AE /* Copy Pods Resources */,
			);
			buildRules = (
			);
			dependencies = (
			);
			name = TalkBox;
			productName = TalkBox;
			productReference = 5A5336CB1C2242010008BBF4 /* TalkBox.app */;
			productType = "com.apple.product-type.application";
		};
/* End PBXNativeTarget section */

/* Begin PBXProject section */
		5A5336C31C2242010008BBF4 /* Project object */ = {
			isa = PBXProject;
			attributes = {
				LastSwiftUpdateCheck = 0710;
				LastUpgradeCheck = 0710;
				ORGANIZATIONNAME = "後藤誉昌";
				TargetAttributes = {
					5A5336CA1C2242010008BBF4 = {
						CreatedOnToolsVersion = 7.1.1;
						DevelopmentTeam = UAU496JZAK;
					};
				};
			};
			buildConfigurationList = 5A5336C61C2242010008BBF4 /* Build configuration list for PBXProject "TalkBox" */;
			compatibilityVersion = "Xcode 3.2";
			developmentRegion = English;
			hasScannedForEncodings = 0;
			knownRegions = (
				en,
				Base,
			);
			mainGroup = 5A5336C21C2242010008BBF4;
			productRefGroup = 5A5336CC1C2242010008BBF4 /* Products */;
			projectDirPath = "";
			projectRoot = "";
			targets = (
				5A5336CA1C2242010008BBF4 /* TalkBox */,
			);
		};
/* End PBXProject section */

/* Begin PBXResourcesBuildPhase section */
		5A5336C91C2242010008BBF4 /* Resources */ = {
			isa = PBXResourcesBuildPhase;
			buildActionMask = 2147483647;
			files = (
				5A5336D91C2242010008BBF4 /* LaunchScreen.storyboard in Resources */,
				5A5336D61C2242010008BBF4 /* Assets.xcassets in Resources */,
				5A5336D41C2242010008BBF4 /* Main.storyboard in Resources */,
			);
			runOnlyForDeploymentPostprocessing = 0;
		};
/* End PBXResourcesBuildPhase section */

/* Begin PBXShellScriptBuildPhase section */
		516D55580D559EF66EE28C48 /* Embed Pods Frameworks */ = {
			isa = PBXShellScriptBuildPhase;
			buildActionMask = 2147483647;
			files = (
			);
			inputPaths = (
			);
			name = "Embed Pods Frameworks";
			outputPaths = (
			);
			runOnlyForDeploymentPostprocessing = 0;
			shellPath = /bin/sh;
			shellScript = "\"${SRCROOT}/Pods/Target Support Files/Pods-TalkBox/Pods-TalkBox-frameworks.sh\"\n";
			showEnvVarsInLog = 0;
		};
		53616D109D8A426AEE3A14AE /* Copy Pods Resources */ = {
			isa = PBXShellScriptBuildPhase;
			buildActionMask = 2147483647;
			files = (
			);
			inputPaths = (
			);
			name = "Copy Pods Resources";
			outputPaths = (
			);
			runOnlyForDeploymentPostprocessing = 0;
			shellPath = /bin/sh;
			shellScript = "\"${SRCROOT}/Pods/Target Support Files/Pods-TalkBox/Pods-TalkBox-resources.sh\"\n";
			showEnvVarsInLog = 0;
		};
		E18D17B03E22B3F5EDBD4B4F /* Check Pods Manifest.lock */ = {
			isa = PBXShellScriptBuildPhase;
			buildActionMask = 2147483647;
			files = (
			);
			inputPaths = (
			);
			name = "Check Pods Manifest.lock";
			outputPaths = (
			);
			runOnlyForDeploymentPostprocessing = 0;
			shellPath = /bin/sh;
			shellScript = "diff \"${PODS_ROOT}/../Podfile.lock\" \"${PODS_ROOT}/Manifest.lock\" > /dev/null\nif [[ $? != 0 ]] ; then\n    cat << EOM\nerror: The sandbox is not in sync with the Podfile.lock. Run 'pod install' or update your CocoaPods installation.\nEOM\n    exit 1\nfi\n";
			showEnvVarsInLog = 0;
		};
/* End PBXShellScriptBuildPhase section */

/* Begin PBXSourcesBuildPhase section */
		5A5336C71C2242010008BBF4 /* Sources */ = {
			isa = PBXSourcesBuildPhase;
			buildActionMask = 2147483647;
			files = (
				5A1383751C4332330005223F /* TalkParser.swift in Sources */,
				5A5336D11C2242010008BBF4 /* ViewController.swift in Sources */,
				5A5336EC1C2257910008BBF4 /* String+.swift in Sources */,
				5A5336CF1C2242010008BBF4 /* AppDelegate.swift in Sources */,
				5A1383781C4333000005223F /* Talk.swift in Sources */,
				5A13837A1C43330E0005223F /* Message.swift in Sources */,
			);
			runOnlyForDeploymentPostprocessing = 0;
		};
/* End PBXSourcesBuildPhase section */

/* Begin PBXVariantGroup section */
		5A5336D21C2242010008BBF4 /* Main.storyboard */ = {
			isa = PBXVariantGroup;
			children = (
				5A5336D31C2242010008BBF4 /* Base */,
			);
			name = Main.storyboard;
			sourceTree = "<group>";
		};
		5A5336D71C2242010008BBF4 /* LaunchScreen.storyboard */ = {
			isa = PBXVariantGroup;
			children = (
				5A5336D81C2242010008BBF4 /* Base */,
			);
			name = LaunchScreen.storyboard;
			sourceTree = "<group>";
		};
/* End PBXVariantGroup section */

/* Begin XCBuildConfiguration section */
		5A5336DB1C2242010008BBF4 /* Debug */ = {
			isa = XCBuildConfiguration;
			buildSettings = {
				ALWAYS_SEARCH_USER_PATHS = NO;
				CLANG_CXX_LANGUAGE_STANDARD = "gnu++0x";
				CLANG_CXX_LIBRARY = "libc++";
				CLANG_ENABLE_MODULES = YES;
				CLANG_ENABLE_OBJC_ARC = YES;
				CLANG_WARN_BOOL_CONVERSION = YES;
				CLANG_WARN_CONSTANT_CONVERSION = YES;
				CLANG_WARN_DIRECT_OBJC_ISA_USAGE = YES_ERROR;
				CLANG_WARN_EMPTY_BODY = YES;
				CLANG_WARN_ENUM_CONVERSION = YES;
				CLANG_WARN_INT_CONVERSION = YES;
				CLANG_WARN_OBJC_ROOT_CLASS = YES_ERROR;
				CLANG_WARN_UNREACHABLE_CODE = YES;
				CLANG_WARN__DUPLICATE_METHOD_MATCH = YES;
				"CODE_SIGN_IDENTITY[sdk=iphoneos*]" = "iPhone Developer";
				COPY_PHASE_STRIP = NO;
				DEBUG_INFORMATION_FORMAT = dwarf;
				ENABLE_STRICT_OBJC_MSGSEND = YES;
				ENABLE_TESTABILITY = YES;
				GCC_C_LANGUAGE_STANDARD = gnu99;
				GCC_DYNAMIC_NO_PIC = NO;
				GCC_NO_COMMON_BLOCKS = YES;
				GCC_OPTIMIZATION_LEVEL = 0;
				GCC_PREPROCESSOR_DEFINITIONS = (
					"DEBUG=1",
					"$(inherited)",
				);
				GCC_WARN_64_TO_32_BIT_CONVERSION = YES;
				GCC_WARN_ABOUT_RETURN_TYPE = YES_ERROR;
				GCC_WARN_UNDECLARED_SELECTOR = YES;
				GCC_WARN_UNINITIALIZED_AUTOS = YES_AGGRESSIVE;
				GCC_WARN_UNUSED_FUNCTION = YES;
				GCC_WARN_UNUSED_VARIABLE = YES;
				IPHONEOS_DEPLOYMENT_TARGET = 9.1;
				MTL_ENABLE_DEBUG_INFO = YES;
				ONLY_ACTIVE_ARCH = YES;
				SDKROOT = iphoneos;
				SWIFT_OPTIMIZATION_LEVEL = "-Onone";
			};
			name = Debug;
		};
		5A5336DC1C2242010008BBF4 /* Release */ = {
			isa = XCBuildConfiguration;
			buildSettings = {
				ALWAYS_SEARCH_USER_PATHS = NO;
				CLANG_CXX_LANGUAGE_STANDARD = "gnu++0x";
				CLANG_CXX_LIBRARY = "libc++";
				CLANG_ENABLE_MODULES = YES;
				CLANG_ENABLE_OBJC_ARC = YES;
				CLANG_WARN_BOOL_CONVERSION = YES;
				CLANG_WARN_CONSTANT_CONVERSION = YES;
				CLANG_WARN_DIRECT_OBJC_ISA_USAGE = YES_ERROR;
				CLANG_WARN_EMPTY_BODY = YES;
				CLANG_WARN_ENUM_CONVERSION = YES;
				CLANG_WARN_INT_CONVERSION = YES;
				CLANG_WARN_OBJC_ROOT_CLASS = YES_ERROR;
				CLANG_WARN_UNREACHABLE_CODE = YES;
				CLANG_WARN__DUPLICATE_METHOD_MATCH = YES;
				"CODE_SIGN_IDENTITY[sdk=iphoneos*]" = "iPhone Developer";
				COPY_PHASE_STRIP = NO;
				DEBUG_INFORMATION_FORMAT = "dwarf-with-dsym";
				ENABLE_NS_ASSERTIONS = NO;
				ENABLE_STRICT_OBJC_MSGSEND = YES;
				GCC_C_LANGUAGE_STANDARD = gnu99;
				GCC_NO_COMMON_BLOCKS = YES;
				GCC_WARN_64_TO_32_BIT_CONVERSION = YES;
				GCC_WARN_ABOUT_RETURN_TYPE = YES_ERROR;
				GCC_WARN_UNDECLARED_SELECTOR = YES;
				GCC_WARN_UNINITIALIZED_AUTOS = YES_AGGRESSIVE;
				GCC_WARN_UNUSED_FUNCTION = YES;
				GCC_WARN_UNUSED_VARIABLE = YES;
				IPHONEOS_DEPLOYMENT_TARGET = 9.1;
				MTL_ENABLE_DEBUG_INFO = NO;
				SDKROOT = iphoneos;
				VALIDATE_PRODUCT = YES;
			};
			name = Release;
		};
		5A5336DE1C2242010008BBF4 /* Debug */ = {
			isa = XCBuildConfiguration;
			baseConfigurationReference = 41BC03E9E5596E5F87B019FA /* Pods-TalkBox.debug.xcconfig */;
			buildSettings = {
				ASSETCATALOG_COMPILER_APPICON_NAME = AppIcon;
				CODE_SIGN_IDENTITY = "iPhone Developer";
				"CODE_SIGN_IDENTITY[sdk=iphoneos*]" = "iPhone Developer";
				INFOPLIST_FILE = TalkBox/Info.plist;
				IPHONEOS_DEPLOYMENT_TARGET = 8.0;
				LD_RUNPATH_SEARCH_PATHS = "$(inherited) @executable_path/Frameworks";
				PRODUCT_BUNDLE_IDENTIFIER = com.yasu.TalkBox;
				PRODUCT_NAME = "$(TARGET_NAME)";
				PROVISIONING_PROFILE = "";
			};
			name = Debug;
		};
		5A5336DF1C2242010008BBF4 /* Release */ = {
			isa = XCBuildConfiguration;
			baseConfigurationReference = B0AE4E99B18D889C568A00D9 /* Pods-TalkBox.release.xcconfig */;
			buildSettings = {
				ASSETCATALOG_COMPILER_APPICON_NAME = AppIcon;
				CODE_SIGN_IDENTITY = "iPhone Developer";
				"CODE_SIGN_IDENTITY[sdk=iphoneos*]" = "iPhone Developer";
				INFOPLIST_FILE = TalkBox/Info.plist;
				IPHONEOS_DEPLOYMENT_TARGET = 8.0;
				LD_RUNPATH_SEARCH_PATHS = "$(inherited) @executable_path/Frameworks";
				PRODUCT_BUNDLE_IDENTIFIER = com.yasu.TalkBox;
				PRODUCT_NAME = "$(TARGET_NAME)";
				PROVISIONING_PROFILE = "";
			};
			name = Release;
		};
/* End XCBuildConfiguration section */

/* Begin XCConfigurationList section */
		5A5336C61C2242010008BBF4 /* Build configuration list for PBXProject "TalkBox" */ = {
			isa = XCConfigurationList;
			buildConfigurations = (
				5A5336DB1C2242010008BBF4 /* Debug */,
				5A5336DC1C2242010008BBF4 /* Release */,
			);
			defaultConfigurationIsVisible = 0;
			defaultConfigurationName = Release;
		};
		5A5336DD1C2242010008BBF4 /* Build configuration list for PBXNativeTarget "TalkBox" */ = {
			isa = XCConfigurationList;
			buildConfigurations = (
				5A5336DE1C2242010008BBF4 /* Debug */,
				5A5336DF1C2242010008BBF4 /* Release */,
			);
			defaultConfigurationIsVisible = 0;
			defaultConfigurationName = Release;
		};
/* End XCConfigurationList section */
	};
	rootObject = 5A5336C31C2242010008BBF4 /* Project object */;
}
